
Microsoft Visual Studio Solution File, Format Version 12.00
# Visual Studio Version 17
VisualStudioVersion = 17.2.32630.192
MinimumVisualStudioVersion = 10.0.40219.1
Project("{FAE04EC0-301F-11D3-BF4B-00C04F79EFBC}") = "T19-Ejercicio1", "T19-Ejercicio1.csproj", "{23D58B23-B28F-494F-84BD-4EDA69B5A502}"
EndProject
Global
	GlobalSection(SolutionConfigurationPlatforms) = preSolution
		Debug|Any CPU = Debug|Any CPU
		Release|Any CPU = Release|Any CPU
	EndGlobalSection
	GlobalSection(ProjectConfigurationPlatforms) = postSolution
		{23D58B23-B28F-494F-84BD-4EDA69B5A502}.Debug|Any CPU.ActiveCfg = Debug|Any CPU
		{23D58B23-B28F-494F-84BD-4EDA69B5A502}.Debug|Any CPU.Build.0 = Debug|Any CPU
		{23D58B23-B28F-494F-84BD-4EDA69B5A502}.Release|Any CPU.ActiveCfg = Release|Any CPU
		{23D58B23-B28F-494F-84BD-4EDA69B5A502}.Release|Any CPU.Build.0 = Release|Any CPU
	EndGlobalSection
	GlobalSection(SolutionProperties) = preSolution
		HideSolutionNode = FALSE
	EndGlobalSection
	GlobalSection(ExtensibilityGlobals) = postSolution
		SolutionGuid = {10C87CCC-6F49-4C74-B1C9-454272C60CE7}
	EndGlobalSection
EndGlobal
